# This file is automatically @generated by Cargo.
# It is not intended for manual editing.
version = 3

[[package]]
name = "entropy"
version = "0.1.0"

[[package]]
name = "pic_entropy"
version = "0.1.0"
dependencies = [
 "entropy",
]

[[package]]
name = "quantization"
version = "0.1.0"
dependencies = [
 "pic_entropy",
]
